
Microsoft Visual Studio Solution File, Format Version 12.00
# Visual Studio Version 17
VisualStudioVersion = 17.12.35527.113
MinimumVisualStudioVersion = 10.0.40219.1
Project("{8BC9CEB8-8B4A-11D0-8D11-00A0C91BC942}") = "February12_1437", "February12_1437\February12_1437.vcxproj", "{F0BCD09F-6B5B-4352-8638-9B9038E31F7B}"
EndProject
Project("{8BC9CEB8-8B4A-11D0-8D11-00A0C91BC942}") = "One student submission of titanic lab", "One student submission of titanic lab\One student submission of titanic lab.vcxproj", "{B3C6012A-95D0-45E6-8FDA-F01EDB08CC5B}"
EndProject
Global
	GlobalSection(SolutionConfigurationPlatforms) = preSolution
		Debug|x64 = Debug|x64
		Debug|x86 = Debug|x86
		Release|x64 = Release|x64
		Release|x86 = Release|x86
	EndGlobalSection
	GlobalSection(ProjectConfigurationPlatforms) = postSolution
		{F0BCD09F-6B5B-4352-8638-9B9038E31F7B}.Debug|x64.ActiveCfg = Debug|x64
		{F0BCD09F-6B5B-4352-8638-9B9038E31F7B}.Debug|x64.Build.0 = Debug|x64
		{F0BCD09F-6B5B-4352-8638-9B9038E31F7B}.Debug|x86.ActiveCfg = Debug|Win32
		{F0BCD09F-6B5B-4352-8638-9B9038E31F7B}.Debug|x86.Build.0 = Debug|Win32
		{F0BCD09F-6B5B-4352-8638-9B9038E31F7B}.Release|x64.ActiveCfg = Release|x64
		{F0BCD09F-6B5B-4352-8638-9B9038E31F7B}.Release|x64.Build.0 = Release|x64
		{F0BCD09F-6B5B-4352-8638-9B9038E31F7B}.Release|x86.ActiveCfg = Release|Win32
		{F0BCD09F-6B5B-4352-8638-9B9038E31F7B}.Release|x86.Build.0 = Release|Win32
		{B3C6012A-95D0-45E6-8FDA-F01EDB08CC5B}.Debug|x64.ActiveCfg = Debug|x64
		{B3C6012A-95D0-45E6-8FDA-F01EDB08CC5B}.Debug|x64.Build.0 = Debug|x64
		{B3C6012A-95D0-45E6-8FDA-F01EDB08CC5B}.Debug|x86.ActiveCfg = Debug|Win32
		{B3C6012A-95D0-45E6-8FDA-F01EDB08CC5B}.Debug|x86.Build.0 = Debug|Win32
		{B3C6012A-95D0-45E6-8FDA-F01EDB08CC5B}.Release|x64.ActiveCfg = Release|x64
		{B3C6012A-95D0-45E6-8FDA-F01EDB08CC5B}.Release|x64.Build.0 = Release|x64
		{B3C6012A-95D0-45E6-8FDA-F01EDB08CC5B}.Release|x86.ActiveCfg = Release|Win32
		{B3C6012A-95D0-45E6-8FDA-F01EDB08CC5B}.Release|x86.Build.0 = Release|Win32
	EndGlobalSection
	GlobalSection(SolutionProperties) = preSolution
		HideSolutionNode = FALSE
	EndGlobalSection
EndGlobal
